{
  "name": "simple-todo-list",
  "lockfileVersion": 3,
  "requires": true,
  "packages": {
    "": {
      "name": "simple-todo-list",
      "dependencies": {
        "@yaireo/tagify": "4.39.0",
        "jquery": "4.0.0",
        "jquery-ui": "1.14.2"
      },
      "devDependencies": {
        "playwright": "1.63.0"
      }
    },
    "node_modules/@yaireo/tagify": {
      "version": "4.39.0",
      "resolved": "https://registry.npmjs.org/@yaireo/tagify/-/tagify-4.39.0.tgz",
      "integrity": "sha512-7T/4PyjzrHj8QO5s06V1wV27AK6H6KtzTkFMPzm1lMKHs/rXioIbNBxxswKg2IkAfYrATRKLok5ZEJ6g3m262w==",
      "license": "MIT",
      "engines": {
        "node": ">=22",
        "pnpm": ">=10"
      },
      "peerDependencies": {
        "prop-types": ">15.5.7",
        "react": "*",
        "react-dom": "*"
      }
    },
    "node_modules/jquery": {
      "version": "4.0.0",
      "resolved": "https://registry.npmjs.org/jquery/-/jquery-4.0.0.tgz",
      "integrity": "sha512-TXCHVR3Lb6TZdtw1l3RTLf8RBWVGexdxL6AC8/e0xZKEpBflBsjh9/8LXw+dkNFuOyW9B7iB3O1sP7hS0Kiacg==",
      "license": "MIT"
    },
    "node_modules/jquery-ui": {
      "version": "1.14.2",
      "resolved": "https://registry.npmjs.org/jquery-ui/-/jquery-ui-1.14.2.tgz",
      "integrity": "sha512-1gSl7PUjyipa2adSr780Ujk16faicrV7PjPPzPtvWk7tTqBnsqp67NNV9jZK2+BIxUPXWSnIUU/LBCgwgGZE+Q==",
      "license": "MIT",
      "dependencies": {
        "jquery": ">=1.12.0 <5.0.0"
      }
    },
    "node_modules/playwright": {
      "version": "1.63.0",
      "resolved": "https://registry.npmjs.org/playwright/-/playwright-1.63.0.tgz",
      "integrity": "sha512-+7ziBLidS4NaNCdt57SUDT+wYmmd5fmiQejUic/kb+YsYSCPyOOE9sebzMjNmQrsnNpDJqd4WHvV/8lfKfUDUg==",
      "dev": true,
      "dependencies": {
        "playwright-core": "1.63.0"
      },
      "bin": {
        "playwright": "cli.js"
      },
      "engines": {
        "node": ">=20"
      }
    },
    "node_modules/playwright-core": {
      "version": "1.63.0",
      "resolved": "https://registry.npmjs.org/playwright-core/-/playwright-core-1.63.0.tgz",
      "integrity": "sha512-rYCsBF/M5HjUch52bbtVONEFjv6Xu8sm8h72dNlR5bzIE1fvC/bxgspzkjSfU+MweEMmPM8KJebG6nnyxo5mCg==",
      "dev": true,
      "bin": {
        "playwright-core": "cli.js"
      },
      "engines": {
        "node": ">=20"
      }
    }
  }
}
